
Microsoft Visual Studio Solution File, Format Version 12.00
# Visual Studio Version 17
VisualStudioVersion = 17.3.32929.385
MinimumVisualStudioVersion = 10.0.40219.1
Project("{FAE04EC0-301F-11D3-BF4B-00C04F79EFBC}") = "UITestingFramework", "UITestingFramework.csproj", "{D9F4B044-8704-4A3F-B823-DF8C1FDADD9D}"
EndProject
Global
	GlobalSection(SolutionConfigurationPlatforms) = preSolution
		Debug|Any CPU = Debug|Any CPU
		Release|Any CPU = Release|Any CPU
	EndGlobalSection
	GlobalSection(ProjectConfigurationPlatforms) = postSolution
		{D9F4B044-8704-4A3F-B823-DF8C1FDADD9D}.Debug|Any CPU.ActiveCfg = Debug|Any CPU
		{D9F4B044-8704-4A3F-B823-DF8C1FDADD9D}.Debug|Any CPU.Build.0 = Debug|Any CPU
		{D9F4B044-8704-4A3F-B823-DF8C1FDADD9D}.Release|Any CPU.ActiveCfg = Release|Any CPU
		{D9F4B044-8704-4A3F-B823-DF8C1FDADD9D}.Release|Any CPU.Build.0 = Release|Any CPU
	EndGlobalSection
	GlobalSection(SolutionProperties) = preSolution
		HideSolutionNode = FALSE
	EndGlobalSection
	GlobalSection(ExtensibilityGlobals) = postSolution
		SolutionGuid = {70E0F2C8-9FDE-423C-A8D7-0C7E53CD349B}
	EndGlobalSection
EndGlobal
